
Microsoft Visual Studio Solution File, Format Version 12.00
# Visual Studio Version 17
VisualStudioVersion = 17.1.32210.238
MinimumVisualStudioVersion = 10.0.40219.1
Project("{2150E333-8FDC-42A3-9474-1A3956D46DE8}") = "src", "src", "{CF96C0DF-E525-4CE9-8B5F-BA2FD03ECFCE}"
EndProject
Project("{9A19103F-16F7-4668-BE54-9A1E7A4F7556}") = "MicrosoftDocs.Web", "src\MicrosoftDocs.Web\MicrosoftDocs.Web.csproj", "{C0A25217-915F-47F8-B34F-576D9893F4FA}"
EndProject
Project("{9A19103F-16F7-4668-BE54-9A1E7A4F7556}") = "MicrosoftDocs.Shared", "src\MicrosoftDocs.Shared\MicrosoftDocs.Shared.csproj", "{6F01C83E-77FB-45CC-87DF-3AC6078BF056}"
EndProject
Project("{9A19103F-16F7-4668-BE54-9A1E7A4F7556}") = "MicrosoftDocs.Application", "src\MicrosoftDocs.Application\MicrosoftDocs.Application.csproj", "{07ACA7EF-0E1B-496C-B77F-21BFC2B8942C}"
EndProject
Project("{9A19103F-16F7-4668-BE54-9A1E7A4F7556}") = "MicrosoftDocs.Domain", "src\MicrosoftDocs.Domain\MicrosoftDocs.Domain.csproj", "{E42E903A-4415-4044-A7C2-18A52D4AFD4D}"
EndProject
Project("{9A19103F-16F7-4668-BE54-9A1E7A4F7556}") = "MicrosoftDocs.Infrastructure", "src\MicrosoftDocs.Infrastructure\MicrosoftDocs.Infrastructure.csproj", "{CEFCE3DB-CCE7-4C04-B98D-BDCF75D60DF9}"
EndProject
Project("{2150E333-8FDC-42A3-9474-1A3956D46DE8}") = "tests", "tests", "{0CF3FBDE-6793-4114-BF40-8BB2BB49A985}"
EndProject
Project("{9A19103F-16F7-4668-BE54-9A1E7A4F7556}") = "MicrosoftDocs.UnitTests", "tests\MicrosoftDocs.UnitTests\MicrosoftDocs.UnitTests.csproj", "{E28F24DB-1972-4B0D-89D7-3A0878A6F762}"
EndProject
Project("{9A19103F-16F7-4668-BE54-9A1E7A4F7556}") = "MicrosoftDocs.Client", "src\MicrosoftDocs.Client\MicrosoftDocs.Client.csproj", "{C057844E-6D8F-4B8A-8196-D2DE00C9A8B6}"
EndProject
Global
	GlobalSection(SolutionConfigurationPlatforms) = preSolution
		Debug|Any CPU = Debug|Any CPU
		Release|Any CPU = Release|Any CPU
	EndGlobalSection
	GlobalSection(ProjectConfigurationPlatforms) = postSolution
		{C0A25217-915F-47F8-B34F-576D9893F4FA}.Debug|Any CPU.ActiveCfg = Debug|Any CPU
		{C0A25217-915F-47F8-B34F-576D9893F4FA}.Debug|Any CPU.Build.0 = Debug|Any CPU
		{C0A25217-915F-47F8-B34F-576D9893F4FA}.Release|Any CPU.ActiveCfg = Release|Any CPU
		{C0A25217-915F-47F8-B34F-576D9893F4FA}.Release|Any CPU.Build.0 = Release|Any CPU
		{6F01C83E-77FB-45CC-87DF-3AC6078BF056}.Debug|Any CPU.ActiveCfg = Debug|Any CPU
		{6F01C83E-77FB-45CC-87DF-3AC6078BF056}.Debug|Any CPU.Build.0 = Debug|Any CPU
		{6F01C83E-77FB-45CC-87DF-3AC6078BF056}.Release|Any CPU.ActiveCfg = Release|Any CPU
		{6F01C83E-77FB-45CC-87DF-3AC6078BF056}.Release|Any CPU.Build.0 = Release|Any CPU
		{07ACA7EF-0E1B-496C-B77F-21BFC2B8942C}.Debug|Any CPU.ActiveCfg = Debug|Any CPU
		{07ACA7EF-0E1B-496C-B77F-21BFC2B8942C}.Debug|Any CPU.Build.0 = Debug|Any CPU
		{07ACA7EF-0E1B-496C-B77F-21BFC2B8942C}.Release|Any CPU.ActiveCfg = Release|Any CPU
		{07ACA7EF-0E1B-496C-B77F-21BFC2B8942C}.Release|Any CPU.Build.0 = Release|Any CPU
		{E42E903A-4415-4044-A7C2-18A52D4AFD4D}.Debug|Any CPU.ActiveCfg = Debug|Any CPU
		{E42E903A-4415-4044-A7C2-18A52D4AFD4D}.Debug|Any CPU.Build.0 = Debug|Any CPU
		{E42E903A-4415-4044-A7C2-18A52D4AFD4D}.Release|Any CPU.ActiveCfg = Release|Any CPU
		{E42E903A-4415-4044-A7C2-18A52D4AFD4D}.Release|Any CPU.Build.0 = Release|Any CPU
		{CEFCE3DB-CCE7-4C04-B98D-BDCF75D60DF9}.Debug|Any CPU.ActiveCfg = Debug|Any CPU
		{CEFCE3DB-CCE7-4C04-B98D-BDCF75D60DF9}.Debug|Any CPU.Build.0 = Debug|Any CPU
		{CEFCE3DB-CCE7-4C04-B98D-BDCF75D60DF9}.Release|Any CPU.ActiveCfg = Release|Any CPU
		{CEFCE3DB-CCE7-4C04-B98D-BDCF75D60DF9}.Release|Any CPU.Build.0 = Release|Any CPU
		{E28F24DB-1972-4B0D-89D7-3A0878A6F762}.Debug|Any CPU.ActiveCfg = Debug|Any CPU
		{E28F24DB-1972-4B0D-89D7-3A0878A6F762}.Debug|Any CPU.Build.0 = Debug|Any CPU
		{E28F24DB-1972-4B0D-89D7-3A0878A6F762}.Release|Any CPU.ActiveCfg = Release|Any CPU
		{E28F24DB-1972-4B0D-89D7-3A0878A6F762}.Release|Any CPU.Build.0 = Release|Any CPU
		{C057844E-6D8F-4B8A-8196-D2DE00C9A8B6}.Debug|Any CPU.ActiveCfg = Debug|Any CPU
		{C057844E-6D8F-4B8A-8196-D2DE00C9A8B6}.Debug|Any CPU.Build.0 = Debug|Any CPU
		{C057844E-6D8F-4B8A-8196-D2DE00C9A8B6}.Release|Any CPU.ActiveCfg = Release|Any CPU
		{C057844E-6D8F-4B8A-8196-D2DE00C9A8B6}.Release|Any CPU.Build.0 = Release|Any CPU
	EndGlobalSection
	GlobalSection(SolutionProperties) = preSolution
		HideSolutionNode = FALSE
	EndGlobalSection
	GlobalSection(NestedProjects) = preSolution
		{C0A25217-915F-47F8-B34F-576D9893F4FA} = {CF96C0DF-E525-4CE9-8B5F-BA2FD03ECFCE}
		{6F01C83E-77FB-45CC-87DF-3AC6078BF056} = {CF96C0DF-E525-4CE9-8B5F-BA2FD03ECFCE}
		{07ACA7EF-0E1B-496C-B77F-21BFC2B8942C} = {CF96C0DF-E525-4CE9-8B5F-BA2FD03ECFCE}
		{E42E903A-4415-4044-A7C2-18A52D4AFD4D} = {CF96C0DF-E525-4CE9-8B5F-BA2FD03ECFCE}
		{CEFCE3DB-CCE7-4C04-B98D-BDCF75D60DF9} = {CF96C0DF-E525-4CE9-8B5F-BA2FD03ECFCE}
		{E28F24DB-1972-4B0D-89D7-3A0878A6F762} = {0CF3FBDE-6793-4114-BF40-8BB2BB49A985}
		{C057844E-6D8F-4B8A-8196-D2DE00C9A8B6} = {CF96C0DF-E525-4CE9-8B5F-BA2FD03ECFCE}
	EndGlobalSection
	GlobalSection(ExtensibilityGlobals) = postSolution
		SolutionGuid = {CA8D100D-417C-44DE-885B-F6790D52A0F5}
	EndGlobalSection
EndGlobal
